
Microsoft Visual Studio Solution File, Format Version 12.00
# Visual Studio Version 17
VisualStudioVersion = 17.1.32421.90
MinimumVisualStudioVersion = 10.0.40219.1
Project("{9A19103F-16F7-4668-BE54-9A1E7A4F7556}") = "SamplePomeloEFcore", "SamplePomeloEFcore\SamplePomeloEFcore.csproj", "{22033D0B-6A8A-4225-8517-8C7A4FF3F16E}"
EndProject
Global
	GlobalSection(SolutionConfigurationPlatforms) = preSolution
		Debug|Any CPU = Debug|Any CPU
		Release|Any CPU = Release|Any CPU
	EndGlobalSection
	GlobalSection(ProjectConfigurationPlatforms) = postSolution
		{22033D0B-6A8A-4225-8517-8C7A4FF3F16E}.Debug|Any CPU.ActiveCfg = Debug|Any CPU
		{22033D0B-6A8A-4225-8517-8C7A4FF3F16E}.Debug|Any CPU.Build.0 = Debug|Any CPU
		{22033D0B-6A8A-4225-8517-8C7A4FF3F16E}.Release|Any CPU.ActiveCfg = Release|Any CPU
		{22033D0B-6A8A-4225-8517-8C7A4FF3F16E}.Release|Any CPU.Build.0 = Release|Any CPU
	EndGlobalSection
	GlobalSection(SolutionProperties) = preSolution
		HideSolutionNode = FALSE
	EndGlobalSection
	GlobalSection(ExtensibilityGlobals) = postSolution
		SolutionGuid = {205AB1EC-71FF-4F58-A09B-DA8B53E3E763}
	EndGlobalSection
EndGlobal
